
Microsoft Visual Studio Solution File, Format Version 12.00
# Visual Studio Version 16
VisualStudioVersion = 16.0.30104.148
MinimumVisualStudioVersion = 10.0.40219.1
Project("{FAE04EC0-301F-11D3-BF4B-00C04F79EFBC}") = "MoshDesignPatterns", "MoshDesignPatterns\MoshDesignPatterns.csproj", "{F7B4B4EE-2202-4511-85FD-4580528022D9}"
EndProject
Global
	GlobalSection(SolutionConfigurationPlatforms) = preSolution
		Debug|Any CPU = Debug|Any CPU
		Release|Any CPU = Release|Any CPU
	EndGlobalSection
	GlobalSection(ProjectConfigurationPlatforms) = postSolution
		{F7B4B4EE-2202-4511-85FD-4580528022D9}.Debug|Any CPU.ActiveCfg = Debug|Any CPU
		{F7B4B4EE-2202-4511-85FD-4580528022D9}.Debug|Any CPU.Build.0 = Debug|Any CPU
		{F7B4B4EE-2202-4511-85FD-4580528022D9}.Release|Any CPU.ActiveCfg = Release|Any CPU
		{F7B4B4EE-2202-4511-85FD-4580528022D9}.Release|Any CPU.Build.0 = Release|Any CPU
	EndGlobalSection
	GlobalSection(SolutionProperties) = preSolution
		HideSolutionNode = FALSE
	EndGlobalSection
	GlobalSection(ExtensibilityGlobals) = postSolution
		SolutionGuid = {ECDD6AF9-9EE5-4391-A8C7-69B09822048F}
	EndGlobalSection
EndGlobal
